# Generated by pub
# See https://dart.dev/tools/pub/glossary#lockfile
packages:
  collection:
    dependency: transitive
    description:
      name: collection
      url: "https://pub.dartlang.org"
    source: hosted
    version: "1.15.0"
  fast_immutable_collections:
    dependency: transitive
    description:
      name: fast_immutable_collections
      url: "https://pub.dartlang.org"
    source: hosted
    version: "7.0.3"
  flutter_lints:
    dependency: "direct dev"
    description:
      name: flutter_lints
      url: "https://pub.dartlang.org"
    source: hosted
    version: "1.0.4"
  fpdart:
    dependency: transitive
    description:
      name: fpdart
      url: "https://pub.dartlang.org"
    source: hosted
    version: "0.0.12"
  lints:
    dependency: transitive
    description:
      name: lints
      url: "https://pub.dartlang.org"
    source: hosted
    version: "1.0.1"
  meta:
    dependency: transitive
    description:
      name: meta
      url: "https://pub.dartlang.org"
    source: hosted
    version: "1.7.0"
  offset_iterator:
    dependency: "direct main"
    description:
      name: offset_iterator
      url: "https://pub.dartlang.org"
    source: hosted
    version: "0.0.39"
  riverpod:
    dependency: "direct main"
    description:
      name: riverpod
      url: "https://pub.dartlang.org"
    source: hosted
    version: "1.0.1"
  state_notifier:
    dependency: transitive
    description:
      name: state_notifier
      url: "https://pub.dartlang.org"
    source: hosted
    version: "0.7.1"
sdks:
  dart: ">=2.14.0 <3.0.0"
